hash: 8fe7b6cbd091620260a0f34f98e7661ed772cd5b527601c4e7c202bc1f1adc6c
updated: 2018-12-26T20:13:33.098053563+08:00
imports:
- name: github.com/golang/protobuf
  version: aa810b61a9c79d51363740d207bb46cf8e620ed5
  subpackages:
  - proto
- name: github.com/ugorji/go
  version: b4c50a2b199d93b13dc15e78929cfb23bfdf21ab
  subpackages:
  - codec
- name: gopkg.in/go-playground/validator.v8
  version: 5f57d2222ad794d0dffb07e664ea05e2ee07d60c
testImports:
- name: github.com/davecgh/go-spew
  version: 8991bc29aa16c548c550c7ff78260e27b9ab7c73
  subpackages:
  - spew
- name: github.com/pmezard/go-difflib
  version: 792786c7400a136282c1664665ae0a8db921c6c2
  subpackages:
  - difflib
- name: github.com/stretchr/testify
  version: f35b8ab0b5a2cef36673838d662e249dd9c94686
  subpackages:
  - assert
